<?xml version="1.0" encoding="utf-8"?>
<Project ToolsVersion="4.0" xmlns="http://schemas.microsoft.com/developer/msbuild/2003">
  <ItemGroup>
    <Filter Include="Header Files">
      <UniqueIdentifier>{b2e77b5a-e5fc-4b72-b267-d02ea52d8ffb}</UniqueIdentifier>
      <Extensions>h;hpp;hxx;hm;inl</Extensions>
    </Filter>
    <Filter Include="Resource Files">
      <UniqueIdentifier>{f771ce8d-74bd-4f7d-91f1-5cd31d916f12}</UniqueIdentifier>
      <Extensions>ico;cur;bmp;dlg;rc2;rct;bin;rgs;gif;jpg;jpeg;jpe</Extensions>
    </Filter>
    <Filter Include="Source Files">
      <UniqueIdentifier>{fda94f66-b266-4fda-a24a-b1b5ee8cbd65}</UniqueIdentifier>
      <Extensions>cpp;c;cxx;rc;def;r;odl;idl;hpj;bat</Extensions>
    </Filter>
  </ItemGroup>
  <ItemGroup>
    <ClInclude Include="..\AD_interface.h">
      <Filter>Header Files</Filter>
    </ClInclude>
    <ClInclude Include="..\CConfigMgr.h">
      <Filter>Header Files</Filter>
    </ClInclude>
    <ClInclude Include="..\CDLL.h">
      <Filter>Header Files</Filter>
    </ClInclude>
    <ClInclude Include="..\CDLLMod.h">
      <Filter>Header Files</Filter>
    </ClInclude>
    <ClInclude Include="..\CEngineMgr.h">
      <Filter>Header Files</Filter>
    </ClInclude>
    <ClInclude Include="..\CLinkList.h">
      <Filter>Header Files</Filter>
    </ClInclude>
    <ClInclude Include="..\CModMgr.h">
      <Filter>Header Files</Filter>
    </ClInclude>
    <ClInclude Include="..\CPlugin.h">
      <Filter>Header Files</Filter>
    </ClInclude>
    <ClInclude Include="..\CPluginMgr.h">
      <Filter>Header Files</Filter>
    </ClInclude>
    <ClInclude Include="..\game_api.h">
      <Filter>Header Files</Filter>
    </ClInclude>
    <ClInclude Include="..\jass.h">
      <Filter>Header Files</Filter>
    </ClInclude>
    <ClInclude Include="..\jassapi.h">
      <Filter>Header Files</Filter>
    </ClInclude>
    <ClInclude Include="..\osdef.h">
      <Filter>Header Files</Filter>
    </ClInclude>
    <ClInclude Include="..\pdb.h">
      <Filter>Header Files</Filter>
    </ClInclude>
    <ClInclude Include="resource.h">
      <Filter>Header Files</Filter>
    </ClInclude>
    <ClInclude Include="..\util.h">
      <Filter>Header Files</Filter>
    </ClInclude>
    <ClInclude Include="..\version.h">
      <Filter>Header Files</Filter>
    </ClInclude>
  </ItemGroup>
  <ItemGroup>
    <ResourceCompile Include="jass.rc">
      <Filter>Resource Files</Filter>
    </ResourceCompile>
  </ItemGroup>
  <ItemGroup>
    <ClCompile Include="..\CConfigMgr.cpp">
      <Filter>Source Files</Filter>
    </ClCompile>
    <ClCompile Include="..\CDLL.cpp">
      <Filter>Source Files</Filter>
    </ClCompile>
    <ClCompile Include="..\CDLLMod.cpp">
      <Filter>Source Files</Filter>
    </ClCompile>
    <ClCompile Include="..\CEngineMgr.cpp">
      <Filter>Source Files</Filter>
    </ClCompile>
    <ClCompile Include="..\CModMgr.cpp">
      <Filter>Source Files</Filter>
    </ClCompile>
    <ClCompile Include="..\CPlugin.cpp">
      <Filter>Source Files</Filter>
    </ClCompile>
    <ClCompile Include="..\CPluginMgr.cpp">
      <Filter>Source Files</Filter>
    </ClCompile>
    <ClCompile Include="..\game_api.cpp">
      <Filter>Source Files</Filter>
    </ClCompile>
    <ClCompile Include="..\main.cpp">
      <Filter>Source Files</Filter>
    </ClCompile>
    <ClCompile Include="..\osdef.cpp">
      <Filter>Source Files</Filter>
    </ClCompile>
    <ClCompile Include="..\pdb.c">
      <Filter>Source Files</Filter>
    </ClCompile>
    <ClCompile Include="..\plugin.cpp">
      <Filter>Source Files</Filter>
    </ClCompile>
    <ClCompile Include="..\util.cpp">
      <Filter>Source Files</Filter>
    </ClCompile>
  </ItemGroup>
</Project>