<?xml version="1.0" encoding="utf-8"?>
<Project ToolsVersion="4.0" xmlns="http://schemas.microsoft.com/developer/msbuild/2003">
  <ItemGroup>
    <Filter Include="Source Files">
      <UniqueIdentifier>{4FC737F1-C7A5-4376-A066-2A32D752A2FF}</UniqueIdentifier>
      <Extensions>cpp;c;cc;cxx;def;odl;idl;hpj;bat;asm;asmx</Extensions>
    </Filter>
    <Filter Include="Header Files">
      <UniqueIdentifier>{93995380-89BD-4b04-88EB-625FBE52EBFB}</UniqueIdentifier>
      <Extensions>h;hpp;hxx;hm;inl;inc;xsd</Extensions>
    </Filter>
    <Filter Include="Resource Files">
      <UniqueIdentifier>{67DA6AB6-F800-4c08-8B7A-83BB121AAD01}</UniqueIdentifier>
      <Extensions>rc;ico;cur;bmp;dlg;rc2;rct;bin;rgs;gif;jpg;jpeg;jpe;resx;tiff;tif;png;wav;mfcribbon-ms</Extensions>
    </Filter>
    <Filter Include="Source Files\CPP">
      <UniqueIdentifier>{00a24006-7496-461c-abbb-321cffbf3f06}</UniqueIdentifier>
    </Filter>
    <Filter Include="Source Files\Header">
      <UniqueIdentifier>{90260faa-8478-4fbb-b2d4-552ad6d00ee6}</UniqueIdentifier>
    </Filter>
  </ItemGroup>
  <ItemGroup>
    <ClCompile Include="Main.cpp">
      <Filter>Source Files\CPP</Filter>
    </ClCompile>
    <ClCompile Include="Traps.cpp">
      <Filter>Source Files\CPP</Filter>
    </ClCompile>
    <ClCompile Include="XG-Hook.cpp">
      <Filter>Source Files\CPP</Filter>
    </ClCompile>
    <ClCompile Include="XG-Function.cpp">
      <Filter>Source Files\CPP</Filter>
    </ClCompile>
    <ClCompile Include="XG-Commands.cpp">
      <Filter>Source Files\CPP</Filter>
    </ClCompile>
    <ClCompile Include="IniFile.cpp">
      <Filter>Source Files\CPP</Filter>
    </ClCompile>
    <ClCompile Include="Sha512.cpp">
      <Filter>Source Files\CPP</Filter>
    </ClCompile>
  </ItemGroup>
  <ItemGroup>
    <ClInclude Include="XG-Structure.h">
      <Filter>Source Files\Header</Filter>
    </ClInclude>
    <ClInclude Include="XG-Hook.h">
      <Filter>Source Files\Header</Filter>
    </ClInclude>
    <ClInclude Include="XG-Header.h">
      <Filter>Source Files\Header</Filter>
    </ClInclude>
    <ClInclude Include="XG-Function.h">
      <Filter>Source Files\Header</Filter>
    </ClInclude>
    <ClInclude Include="XG-Commands.h">
      <Filter>Source Files\Header</Filter>
    </ClInclude>
    <ClInclude Include="XG-Address.h">
      <Filter>Source Files\Header</Filter>
    </ClInclude>
    <ClInclude Include="IniFile.h">
      <Filter>Source Files\Header</Filter>
    </ClInclude>
    <ClInclude Include="Sha512.h">
      <Filter>Source Files\Header</Filter>
    </ClInclude>
  </ItemGroup>
</Project>